
Microsoft Visual Studio Solution File, Format Version 12.00
# Visual Studio 15
VisualStudioVersion = 15.0.34112.143
MinimumVisualStudioVersion = 10.0.40219.1
Project("{8BC9CEB8-8B4A-11D0-8D11-00A0C91BC942}") = "DMXProject", "DMXProject\DMXProject.vcxproj", "{5211F971-AA42-43C9-A4F5-A803C1A68ED2}"
EndProject
Global
	GlobalSection(SolutionConfigurationPlatforms) = preSolution
		Debug|x64 = Debug|x64
		Release|x64 = Release|x64
	EndGlobalSection
	GlobalSection(ProjectConfigurationPlatforms) = postSolution
		{5211F971-AA42-43C9-A4F5-A803C1A68ED2}.Debug|x64.ActiveCfg = Debug|x64
		{5211F971-AA42-43C9-A4F5-A803C1A68ED2}.Debug|x64.Build.0 = Debug|x64
		{5211F971-AA42-43C9-A4F5-A803C1A68ED2}.Release|x64.ActiveCfg = Release|x64
		{5211F971-AA42-43C9-A4F5-A803C1A68ED2}.Release|x64.Build.0 = Release|x64
	EndGlobalSection
	GlobalSection(SolutionProperties) = preSolution
		HideSolutionNode = FALSE
	EndGlobalSection
	GlobalSection(ExtensibilityGlobals) = postSolution
		SolutionGuid = {C197588F-B639-448B-9202-5538238944BE}
	EndGlobalSection
EndGlobal
